// !$*UTF8*$!
{
	archiveVersion = 1;
	classes = {
	};
	objectVersion = 56;
	objects = {

/* Begin PBXBuildFile section */
		276A94B42B32B3DB0001635C /* AppDelegate.swift in Sources */ = {isa = PBXBuildFile; fileRef = 276A94B32B32B3DB0001635C /* AppDelegate.swift */; };
		276A94B62B32B3DB0001635C /* SceneDelegate.swift in Sources */ = {isa = PBXBuildFile; fileRef = 276A94B52B32B3DB0001635C /* SceneDelegate.swift */; };
		276A94B82B32B3DB0001635C /* ViewController.swift in Sources */ = {isa = PBXBuildFile; fileRef = 276A94B72B32B3DB0001635C /* ViewController.swift */; };
		276A94BB2B32B3DB0001635C /* Main.storyboard in Resources */ = {isa = PBXBuildFile; fileRef = 276A94B92B32B3DB0001635C /* Main.storyboard */; };
		276A94BE2B32B3DB0001635C /* MyQuizzlerApp.xcdatamodeld in Sources */ = {isa = PBXBuildFile; fileRef = 276A94BC2B32B3DB0001635C /* MyQuizzlerApp.xcdatamodeld */; };
		276A94C02B32B3DD0001635C /* Assets.xcassets in Resources */ = {isa = PBXBuildFile; fileRef = 276A94BF2B32B3DD0001635C /* Assets.xcassets */; };
		276A94C32B32B3DD0001635C /* LaunchScreen.storyboard in Resources */ = {isa = PBXBuildFile; fileRef = 276A94C12B32B3DD0001635C /* LaunchScreen.storyboard */; };
		276A94CB2B32CC180001635C /* Questions.swift in Sources */ = {isa = PBXBuildFile; fileRef = 276A94CA2B32CC180001635C /* Questions.swift */; };
		276A94D02B32E3930001635C /* QuizBrain.swift in Sources */ = {isa = PBXBuildFile; fileRef = 276A94CF2B32E3930001635C /* QuizBrain.swift */; };
/* End PBXBuildFile section */

/* Begin PBXFileReference section */
		276A94B02B32B3DA0001635C /* MyQuizzlerApp.app */ = {isa = PBXFileReference; explicitFileType = wrapper.application; includeInIndex = 0; path = MyQuizzlerApp.app; sourceTree = BUILT_PRODUCTS_DIR; };
		276A94B32B32B3DB0001635C /* AppDelegate.swift */ = {isa = PBXFileReference; lastKnownFileType = sourcecode.swift; path = AppDelegate.swift; sourceTree = "<group>"; };
		276A94B52B32B3DB0001635C /* SceneDelegate.swift */ = {isa = PBXFileReference; lastKnownFileType = sourcecode.swift; path = SceneDelegate.swift; sourceTree = "<group>"; };
		276A94B72B32B3DB0001635C /* ViewController.swift */ = {isa = PBXFileReference; lastKnownFileType = sourcecode.swift; path = ViewController.swift; sourceTree = "<group>"; };
		276A94BA2B32B3DB0001635C /* Base */ = {isa = PBXFileReference; lastKnownFileType = file.storyboard; name = Base; path = Base.lproj/Main.storyboard; sourceTree = "<group>"; };
		276A94BD2B32B3DB0001635C /* MyQuizzlerApp.xcdatamodel */ = {isa = PBXFileReference; lastKnownFileType = wrapper.xcdatamodel; path = MyQuizzlerApp.xcdatamodel; sourceTree = "<group>"; };
		276A94BF2B32B3DD0001635C /* Assets.xcassets */ = {isa = PBXFileReference; lastKnownFileType = folder.assetcatalog; path = Assets.xcassets; sourceTree = "<group>"; };
		276A94C22B32B3DD0001635C /* Base */ = {isa = PBXFileReference; lastKnownFileType = file.storyboard; name = Base; path = Base.lproj/LaunchScreen.storyboard; sourceTree = "<group>"; };
		276A94C42B32B3DE0001635C /* Info.plist */ = {isa = PBXFileReference; lastKnownFileType = text.plist.xml; path = Info.plist; sourceTree = "<group>"; };
		276A94CA2B32CC180001635C /* Questions.swift */ = {isa = PBXFileReference; lastKnownFileType = sourcecode.swift; path = Questions.swift; sourceTree = "<group>"; };
		276A94CF2B32E3930001635C /* QuizBrain.swift */ = {isa = PBXFileReference; lastKnownFileType = sourcecode.swift; path = QuizBrain.swift; sourceTree = "<group>"; };
/* End PBXFileReference section */

/* Begin PBXFrameworksBuildPhase section */
		276A94AD2B32B3DA0001635C /* Frameworks */ = {
			isa = PBXFrameworksBuildPhase;
			buildActionMask = 2147483647;
			files = (
			);
			runOnlyForDeploymentPostprocessing = 0;
		};
/* End PBXFrameworksBuildPhase section */

/* Begin PBXGroup section */
		276A94A72B32B3DA0001635C = {
			isa = PBXGroup;
			children = (
				276A94B22B32B3DA0001635C /* MyQuizzlerApp */,
				276A94B12B32B3DA0001635C /* Products */,
			);
			sourceTree = "<group>";
		};
		276A94B12B32B3DA0001635C /* Products */ = {
			isa = PBXGroup;
			children = (
				276A94B02B32B3DA0001635C /* MyQuizzlerApp.app */,
			);
			name = Products;
			sourceTree = "<group>";
		};
		276A94B22B32B3DA0001635C /* MyQuizzlerApp */ = {
			isa = PBXGroup;
			children = (
				276A94CC2B32D4E10001635C /* Model */,
				276A94CE2B32D4F80001635C /* View */,
				276A94CD2B32D4ED0001635C /* Controller */,
				276A94B32B32B3DB0001635C /* AppDelegate.swift */,
				276A94B52B32B3DB0001635C /* SceneDelegate.swift */,
				276A94BF2B32B3DD0001635C /* Assets.xcassets */,
				276A94C12B32B3DD0001635C /* LaunchScreen.storyboard */,
				276A94C42B32B3DE0001635C /* Info.plist */,
				276A94BC2B32B3DB0001635C /* MyQuizzlerApp.xcdatamodeld */,
			);
			path = MyQuizzlerApp;
			sourceTree = "<group>";
		};
		276A94CC2B32D4E10001635C /* Model */ = {
			isa = PBXGroup;
			children = (
				276A94CA2B32CC180001635C /* Questions.swift */,
				276A94CF2B32E3930001635C /* QuizBrain.swift */,
			);
			path = Model;
			sourceTree = "<group>";
		};
		276A94CD2B32D4ED0001635C /* Controller */ = {
			isa = PBXGroup;
			children = (
				276A94B72B32B3DB0001635C /* ViewController.swift */,
			);
			path = Controller;
			sourceTree = "<group>";
		};
		276A94CE2B32D4F80001635C /* View */ = {
			isa = PBXGroup;
			children = (
				276A94B92B32B3DB0001635C /* Main.storyboard */,
			);
			path = View;
			sourceTree = "<group>";
		};
/* End PBXGroup section */

/* Begin PBXNativeTarget section */
		276A94AF2B32B3DA0001635C /* MyQuizzlerApp */ = {
			isa = PBXNativeTarget;
			buildConfigurationList = 276A94C72B32B3DE0001635C /* Build configuration list for PBXNativeTarget "MyQuizzlerApp" */;
			buildPhases = (
				276A94AC2B32B3DA0001635C /* Sources */,
				276A94AD2B32B3DA0001635C /* Frameworks */,
				276A94AE2B32B3DA0001635C /* Resources */,
			);
			buildRules = (
			);
			dependencies = (
			);
			name = MyQuizzlerApp;
			productName = MyQuizzlerApp;
			productReference = 276A94B02B32B3DA0001635C /* MyQuizzlerApp.app */;
			productType = "com.apple.product-type.application";
		};
/* End PBXNativeTarget section */

/* Begin PBXProject section */
		276A94A82B32B3DA0001635C /* Project object */ = {
			isa = PBXProject;
			attributes = {
				BuildIndependentTargetsInParallel = 1;
				LastSwiftUpdateCheck = 1510;
				LastUpgradeCheck = 1510;
				TargetAttributes = {
					276A94AF2B32B3DA0001635C = {
						CreatedOnToolsVersion = 15.1;
					};
				};
			};
			buildConfigurationList = 276A94AB2B32B3DA0001635C /* Build configuration list for PBXProject "MyQuizzlerApp" */;
			compatibilityVersion = "Xcode 14.0";
			developmentRegion = en;
			hasScannedForEncodings = 0;
			knownRegions = (
				en,
				Base,
			);
			mainGroup = 276A94A72B32B3DA0001635C;
			productRefGroup = 276A94B12B32B3DA0001635C /* Products */;
			projectDirPath = "";
			projectRoot = "";
			targets = (
				276A94AF2B32B3DA0001635C /* MyQuizzlerApp */,
			);
		};
/* End PBXProject section */

/* Begin PBXResourcesBuildPhase section */
		276A94AE2B32B3DA0001635C /* Resources */ = {
			isa = PBXResourcesBuildPhase;
			buildActionMask = 2147483647;
			files = (
				276A94C32B32B3DD0001635C /* LaunchScreen.storyboard in Resources */,
				276A94C02B32B3DD0001635C /* Assets.xcassets in Resources */,
				276A94BB2B32B3DB0001635C /* Main.storyboard in Resources */,
			);
			runOnlyForDeploymentPostprocessing = 0;
		};
/* End PBXResourcesBuildPhase section */

/* Begin PBXSourcesBuildPhase section */
		276A94AC2B32B3DA0001635C /* Sources */ = {
			isa = PBXSourcesBuildPhase;
			buildActionMask = 2147483647;
			files = (
				276A94B82B32B3DB0001635C /* ViewController.swift in Sources */,
				276A94B42B32B3DB0001635C /* AppDelegate.swift in Sources */,
				276A94B62B32B3DB0001635C /* SceneDelegate.swift in Sources */,
				276A94D02B32E3930001635C /* QuizBrain.swift in Sources */,
				276A94CB2B32CC180001635C /* Questions.swift in Sources */,
				276A94BE2B32B3DB0001635C /* MyQuizzlerApp.xcdatamodeld in Sources */,
			);
			runOnlyForDeploymentPostprocessing = 0;
		};
/* End PBXSourcesBuildPhase section */

/* Begin PBXVariantGroup section */
		276A94B92B32B3DB0001635C /* Main.storyboard */ = {
			isa = PBXVariantGroup;
			children = (
				276A94BA2B32B3DB0001635C /* Base */,
			);
			name = Main.storyboard;
			sourceTree = "<group>";
		};
		276A94C12B32B3DD0001635C /* LaunchScreen.storyboard */ = {
			isa = PBXVariantGroup;
			children = (
				276A94C22B32B3DD0001635C /* Base */,
			);
			name = LaunchScreen.storyboard;
			sourceTree = "<group>";
		};
/* End PBXVariantGroup section */

/* Begin XCBuildConfiguration section */
		276A94C52B32B3DE0001635C /* Debug */ = {
			isa = XCBuildConfiguration;
			buildSettings = {
				ALWAYS_SEARCH_USER_PATHS = NO;
				ASSETCATALOG_COMPILER_GENERATE_SWIFT_ASSET_SYMBOL_EXTENSIONS = YES;
				CLANG_ANALYZER_NONNULL = YES;
				CLANG_ANALYZER_NUMBER_OBJECT_CONVERSION = YES_AGGRESSIVE;
				CLANG_CXX_LANGUAGE_STANDARD = "gnu++20";
				CLANG_ENABLE_MODULES = YES;
				CLANG_ENABLE_OBJC_ARC = YES;
				CLANG_ENABLE_OBJC_WEAK = YES;
				CLANG_WARN_BLOCK_CAPTURE_AUTORELEASING = YES;
				CLANG_WARN_BOOL_CONVERSION = YES;
				CLANG_WARN_COMMA = YES;
				CLANG_WARN_CONSTANT_CONVERSION = YES;
				CLANG_WARN_DEPRECATED_OBJC_IMPLEMENTATIONS = YES;
				CLANG_WARN_DIRECT_OBJC_ISA_USAGE = YES_ERROR;
				CLANG_WARN_DOCUMENTATION_COMMENTS = YES;
				CLANG_WARN_EMPTY_BODY = YES;
				CLANG_WARN_ENUM_CONVERSION = YES;
				CLANG_WARN_INFINITE_RECURSION = YES;
				CLANG_WARN_INT_CONVERSION = YES;
				CLANG_WARN_NON_LITERAL_NULL_CONVERSION = YES;
				CLANG_WARN_OBJC_IMPLICIT_RETAIN_SELF = YES;
				CLANG_WARN_OBJC_LITERAL_CONVERSION = YES;
				CLANG_WARN_OBJC_ROOT_CLASS = YES_ERROR;
				CLANG_WARN_QUOTED_INCLUDE_IN_FRAMEWORK_HEADER = YES;
				CLANG_WARN_RANGE_LOOP_ANALYSIS = YES;
				CLANG_WARN_STRICT_PROTOTYPES = YES;
				CLANG_WARN_SUSPICIOUS_MOVE = YES;
				CLANG_WARN_UNGUARDED_AVAILABILITY = YES_AGGRESSIVE;
				CLANG_WARN_UNREACHABLE_CODE = YES;
				CLANG_WARN__DUPLICATE_METHOD_MATCH = YES;
				COPY_PHASE_STRIP = NO;
				DEBUG_INFORMATION_FORMAT = dwarf;
				ENABLE_STRICT_OBJC_MSGSEND = YES;
				ENABLE_TESTABILITY = YES;
				ENABLE_USER_SCRIPT_SANDBOXING = YES;
				GCC_C_LANGUAGE_STANDARD = gnu17;
				GCC_DYNAMIC_NO_PIC = NO;
				GCC_NO_COMMON_BLOCKS = YES;
				GCC_OPTIMIZATION_LEVEL = 0;
				GCC_PREPROCESSOR_DEFINITIONS = (
					"DEBUG=1",
					"$(inherited)",
				);
				GCC_WARN_64_TO_32_BIT_CONVERSION = YES;
				GCC_WARN_ABOUT_RETURN_TYPE = YES_ERROR;
				GCC_WARN_UNDECLARED_SELECTOR = YES;
				GCC_WARN_UNINITIALIZED_AUTOS = YES_AGGRESSIVE;
				GCC_WARN_UNUSED_FUNCTION = YES;
				GCC_WARN_UNUSED_VARIABLE = YES;
				IPHONEOS_DEPLOYMENT_TARGET = 17.2;
				LOCALIZATION_PREFERS_STRING_CATALOGS = YES;
				MTL_ENABLE_DEBUG_INFO = INCLUDE_SOURCE;
				MTL_FAST_MATH = YES;
				ONLY_ACTIVE_ARCH = YES;
				SDKROOT = iphoneos;
				SWIFT_ACTIVE_COMPILATION_CONDITIONS = "DEBUG $(inherited)";
				SWIFT_OPTIMIZATION_LEVEL = "-Onone";
			};
			name = Debug;
		};
		276A94C62B32B3DE0001635C /* Release */ = {
			isa = XCBuildConfiguration;
			buildSettings = {
				ALWAYS_SEARCH_USER_PATHS = NO;
				ASSETCATALOG_COMPILER_GENERATE_SWIFT_ASSET_SYMBOL_EXTENSIONS = YES;
				CLANG_ANALYZER_NONNULL = YES;
				CLANG_ANALYZER_NUMBER_OBJECT_CONVERSION = YES_AGGRESSIVE;
				CLANG_CXX_LANGUAGE_STANDARD = "gnu++20";
				CLANG_ENABLE_MODULES = YES;
				CLANG_ENABLE_OBJC_ARC = YES;
				CLANG_ENABLE_OBJC_WEAK = YES;
				CLANG_WARN_BLOCK_CAPTURE_AUTORELEASING = YES;
				CLANG_WARN_BOOL_CONVERSION = YES;
				CLANG_WARN_COMMA = YES;
				CLANG_WARN_CONSTANT_CONVERSION = YES;
				CLANG_WARN_DEPRECATED_OBJC_IMPLEMENTATIONS = YES;
				CLANG_WARN_DIRECT_OBJC_ISA_USAGE = YES_ERROR;
				CLANG_WARN_DOCUMENTATION_COMMENTS = YES;
				CLANG_WARN_EMPTY_BODY = YES;
				CLANG_WARN_ENUM_CONVERSION = YES;
				CLANG_WARN_INFINITE_RECURSION = YES;
				CLANG_WARN_INT_CONVERSION = YES;
				CLANG_WARN_NON_LITERAL_NULL_CONVERSION = YES;
				CLANG_WARN_OBJC_IMPLICIT_RETAIN_SELF = YES;
				CLANG_WARN_OBJC_LITERAL_CONVERSION = YES;
				CLANG_WARN_OBJC_ROOT_CLASS = YES_ERROR;
				CLANG_WARN_QUOTED_INCLUDE_IN_FRAMEWORK_HEADER = YES;
				CLANG_WARN_RANGE_LOOP_ANALYSIS = YES;
				CLANG_WARN_STRICT_PROTOTYPES = YES;
				CLANG_WARN_SUSPICIOUS_MOVE = YES;
				CLANG_WARN_UNGUARDED_AVAILABILITY = YES_AGGRESSIVE;
				CLANG_WARN_UNREACHABLE_CODE = YES;
				CLANG_WARN__DUPLICATE_METHOD_MATCH = YES;
				COPY_PHASE_STRIP = NO;
				DEBUG_INFORMATION_FORMAT = "dwarf-with-dsym";
				ENABLE_NS_ASSERTIONS = NO;
				ENABLE_STRICT_OBJC_MSGSEND = YES;
				ENABLE_USER_SCRIPT_SANDBOXING = YES;
				GCC_C_LANGUAGE_STANDARD = gnu17;
				GCC_NO_COMMON_BLOCKS = YES;
				GCC_WARN_64_TO_32_BIT_CONVERSION = YES;
				GCC_WARN_ABOUT_RETURN_TYPE = YES_ERROR;
				GCC_WARN_UNDECLARED_SELECTOR = YES;
				GCC_WARN_UNINITIALIZED_AUTOS = YES_AGGRESSIVE;
				GCC_WARN_UNUSED_FUNCTION = YES;
				GCC_WARN_UNUSED_VARIABLE = YES;
				IPHONEOS_DEPLOYMENT_TARGET = 17.2;
				LOCALIZATION_PREFERS_STRING_CATALOGS = YES;
				MTL_ENABLE_DEBUG_INFO = NO;
				MTL_FAST_MATH = YES;
				SDKROOT = iphoneos;
				SWIFT_COMPILATION_MODE = wholemodule;
				VALIDATE_PRODUCT = YES;
			};
			name = Release;
		};
		276A94C82B32B3DE0001635C /* Debug */ = {
			isa = XCBuildConfiguration;
			buildSettings = {
				ASSETCATALOG_COMPILER_APPICON_NAME = AppIcon;
				ASSETCATALOG_COMPILER_GLOBAL_ACCENT_COLOR_NAME = AccentColor;
				CODE_SIGN_STYLE = Automatic;
				CURRENT_PROJECT_VERSION = 1;
				GENERATE_INFOPLIST_FILE = YES;
				INFOPLIST_FILE = MyQuizzlerApp/Info.plist;
				INFOPLIST_KEY_UIApplicationSupportsIndirectInputEvents = YES;
				INFOPLIST_KEY_UILaunchStoryboardName = LaunchScreen;
				INFOPLIST_KEY_UIMainStoryboardFile = Main;
				INFOPLIST_KEY_UISupportedInterfaceOrientations_iPad = "UIInterfaceOrientationPortrait UIInterfaceOrientationPortraitUpsideDown UIInterfaceOrientationLandscapeLeft UIInterfaceOrientationLandscapeRight";
				INFOPLIST_KEY_UISupportedInterfaceOrientations_iPhone = "UIInterfaceOrientationPortrait UIInterfaceOrientationLandscapeLeft UIInterfaceOrientationLandscapeRight";
				LD_RUNPATH_SEARCH_PATHS = (
					"$(inherited)",
					"@executable_path/Frameworks",
				);
				MARKETING_VERSION = 1.0;
				PRODUCT_BUNDLE_IDENTIFIER = com.SocketIODemo.MyQuizzlerApp;
				PRODUCT_NAME = "$(TARGET_NAME)";
				SWIFT_EMIT_LOC_STRINGS = YES;
				SWIFT_VERSION = 5.0;
				TARGETED_DEVICE_FAMILY = "1,2";
			};
			name = Debug;
		};
		276A94C92B32B3DE0001635C /* Release */ = {
			isa = XCBuildConfiguration;
			buildSettings = {
				ASSETCATALOG_COMPILER_APPICON_NAME = AppIcon;
				ASSETCATALOG_COMPILER_GLOBAL_ACCENT_COLOR_NAME = AccentColor;
				CODE_SIGN_STYLE = Automatic;
				CURRENT_PROJECT_VERSION = 1;
				GENERATE_INFOPLIST_FILE = YES;
				INFOPLIST_FILE = MyQuizzlerApp/Info.plist;
				INFOPLIST_KEY_UIApplicationSupportsIndirectInputEvents = YES;
				INFOPLIST_KEY_UILaunchStoryboardName = LaunchScreen;
				INFOPLIST_KEY_UIMainStoryboardFile = Main;
				INFOPLIST_KEY_UISupportedInterfaceOrientations_iPad = "UIInterfaceOrientationPortrait UIInterfaceOrientationPortraitUpsideDown UIInterfaceOrientationLandscapeLeft UIInterfaceOrientationLandscapeRight";
				INFOPLIST_KEY_UISupportedInterfaceOrientations_iPhone = "UIInterfaceOrientationPortrait UIInterfaceOrientationLandscapeLeft UIInterfaceOrientationLandscapeRight";
				LD_RUNPATH_SEARCH_PATHS = (
					"$(inherited)",
					"@executable_path/Frameworks",
				);
				MARKETING_VERSION = 1.0;
				PRODUCT_BUNDLE_IDENTIFIER = com.SocketIODemo.MyQuizzlerApp;
				PRODUCT_NAME = "$(TARGET_NAME)";
				SWIFT_EMIT_LOC_STRINGS = YES;
				SWIFT_VERSION = 5.0;
				TARGETED_DEVICE_FAMILY = "1,2";
			};
			name = Release;
		};
/* End XCBuildConfiguration section */

/* Begin XCConfigurationList section */
		276A94AB2B32B3DA0001635C /* Build configuration list for PBXProject "MyQuizzlerApp" */ = {
			isa = XCConfigurationList;
			buildConfigurations = (
				276A94C52B32B3DE0001635C /* Debug */,
				276A94C62B32B3DE0001635C /* Release */,
			);
			defaultConfigurationIsVisible = 0;
			defaultConfigurationName = Release;
		};
		276A94C72B32B3DE0001635C /* Build configuration list for PBXNativeTarget "MyQuizzlerApp" */ = {
			isa = XCConfigurationList;
			buildConfigurations = (
				276A94C82B32B3DE0001635C /* Debug */,
				276A94C92B32B3DE0001635C /* Release */,
			);
			defaultConfigurationIsVisible = 0;
			defaultConfigurationName = Release;
		};
/* End XCConfigurationList section */

/* Begin XCVersionGroup section */
		276A94BC2B32B3DB0001635C /* MyQuizzlerApp.xcdatamodeld */ = {
			isa = XCVersionGroup;
			children = (
				276A94BD2B32B3DB0001635C /* MyQuizzlerApp.xcdatamodel */,
			);
			currentVersion = 276A94BD2B32B3DB0001635C /* MyQuizzlerApp.xcdatamodel */;
			path = MyQuizzlerApp.xcdatamodeld;
			sourceTree = "<group>";
			versionGroupType = wrapper.xcdatamodel;
		};
/* End XCVersionGroup section */
	};
	rootObject = 276A94A82B32B3DA0001635C /* Project object */;
}
